
Microsoft Visual Studio Solution File, Format Version 12.00
# Visual Studio Version 17
VisualStudioVersion = 17.9.34728.123
MinimumVisualStudioVersion = 10.0.40219.1
Project("{FAE04EC0-301F-11D3-BF4B-00C04F79EFBC}") = "Cursos", "Cursos\Cursos.csproj", "{4F3A1305-0683-4368-9A0F-62BA3F4FB1A1}"
EndProject
Global
	GlobalSection(SolutionConfigurationPlatforms) = preSolution
		Debug|Any CPU = Debug|Any CPU
		Release|Any CPU = Release|Any CPU
	EndGlobalSection
	GlobalSection(ProjectConfigurationPlatforms) = postSolution
		{4F3A1305-0683-4368-9A0F-62BA3F4FB1A1}.Debug|Any CPU.ActiveCfg = Debug|Any CPU
		{4F3A1305-0683-4368-9A0F-62BA3F4FB1A1}.Debug|Any CPU.Build.0 = Debug|Any CPU
		{4F3A1305-0683-4368-9A0F-62BA3F4FB1A1}.Release|Any CPU.ActiveCfg = Release|Any CPU
		{4F3A1305-0683-4368-9A0F-62BA3F4FB1A1}.Release|Any CPU.Build.0 = Release|Any CPU
	EndGlobalSection
	GlobalSection(SolutionProperties) = preSolution
		HideSolutionNode = FALSE
	EndGlobalSection
	GlobalSection(ExtensibilityGlobals) = postSolution
		SolutionGuid = {1DB60BB8-2AD5-4640-BEB9-108F5406DD37}
	EndGlobalSection
EndGlobal
